
Microsoft Visual Studio Solution File, Format Version 12.00
# Visual Studio 15
VisualStudioVersion = 15.0.27130.2036
MinimumVisualStudioVersion = 10.0.40219.1
Project("{FAE04EC0-301F-11D3-BF4B-00C04F79EFBC}") = "PseudoInverse", "PseudoInverse\PseudoInverse.csproj", "{863B45AE-F249-4DA4-8644-49B1016DD2E3}"
EndProject
Global
	GlobalSection(SolutionConfigurationPlatforms) = preSolution
		Debug|Any CPU = Debug|Any CPU
		Release|Any CPU = Release|Any CPU
	EndGlobalSection
	GlobalSection(ProjectConfigurationPlatforms) = postSolution
		{863B45AE-F249-4DA4-8644-49B1016DD2E3}.Debug|Any CPU.ActiveCfg = Debug|Any CPU
		{863B45AE-F249-4DA4-8644-49B1016DD2E3}.Debug|Any CPU.Build.0 = Debug|Any CPU
		{863B45AE-F249-4DA4-8644-49B1016DD2E3}.Release|Any CPU.ActiveCfg = Release|Any CPU
		{863B45AE-F249-4DA4-8644-49B1016DD2E3}.Release|Any CPU.Build.0 = Release|Any CPU
	EndGlobalSection
	GlobalSection(SolutionProperties) = preSolution
		HideSolutionNode = FALSE
	EndGlobalSection
	GlobalSection(ExtensibilityGlobals) = postSolution
		SolutionGuid = {38635BB8-923B-45A3-B029-487435DF1549}
	EndGlobalSection
EndGlobal
