
Microsoft Visual Studio Solution File, Format Version 12.00
# Visual Studio 15
VisualStudioVersion = 15.0.27130.2036
MinimumVisualStudioVersion = 10.0.40219.1
Project("{FAE04EC0-301F-11D3-BF4B-00C04F79EFBC}") = "PseudoInverse", "PseudoInverse\PseudoInverse.csproj", "{863B45AE-F249-4DA4-8644-49B1016DD2E3}"
EndProject
Project("{FAE04EC0-301F-11D3-BF4B-00C04F79EFBC}") = "PseudoConnector", "PseudoConnector\PseudoConnector.csproj", "{893EAD4E-887B-4A45-8101-A13C74025B38}"
EndProject
Project("{FAE04EC0-301F-11D3-BF4B-00C04F79EFBC}") = "PseudoTests", "PseudoTests\PseudoTests.csproj", "{B635CCDF-4A84-4D2F-8493-1EA3B35D3AB5}"
EndProject
Project("{FAE04EC0-301F-11D3-BF4B-00C04F79EFBC}") = "PseudoInverseLib", "PseudoInverseLib\PseudoInverseLib.csproj", "{444109C0-325B-440B-892E-502819B13691}"
EndProject
Global
	GlobalSection(SolutionConfigurationPlatforms) = preSolution
		Debug|Any CPU = Debug|Any CPU
		Debug|ARM = Debug|ARM
		Debug|x64 = Debug|x64
		Debug|x86 = Debug|x86
		Release|Any CPU = Release|Any CPU
		Release|ARM = Release|ARM
		Release|x64 = Release|x64
		Release|x86 = Release|x86
	EndGlobalSection
	GlobalSection(ProjectConfigurationPlatforms) = postSolution
		{863B45AE-F249-4DA4-8644-49B1016DD2E3}.Debug|Any CPU.ActiveCfg = Debug|Any CPU
		{863B45AE-F249-4DA4-8644-49B1016DD2E3}.Debug|Any CPU.Build.0 = Debug|Any CPU
		{863B45AE-F249-4DA4-8644-49B1016DD2E3}.Debug|ARM.ActiveCfg = Debug|Any CPU
		{863B45AE-F249-4DA4-8644-49B1016DD2E3}.Debug|ARM.Build.0 = Debug|Any CPU
		{863B45AE-F249-4DA4-8644-49B1016DD2E3}.Debug|x64.ActiveCfg = Debug|Any CPU
		{863B45AE-F249-4DA4-8644-49B1016DD2E3}.Debug|x64.Build.0 = Debug|Any CPU
		{863B45AE-F249-4DA4-8644-49B1016DD2E3}.Debug|x86.ActiveCfg = Debug|Any CPU
		{863B45AE-F249-4DA4-8644-49B1016DD2E3}.Debug|x86.Build.0 = Debug|Any CPU
		{863B45AE-F249-4DA4-8644-49B1016DD2E3}.Release|Any CPU.ActiveCfg = Release|Any CPU
		{863B45AE-F249-4DA4-8644-49B1016DD2E3}.Release|Any CPU.Build.0 = Release|Any CPU
		{863B45AE-F249-4DA4-8644-49B1016DD2E3}.Release|ARM.ActiveCfg = Release|Any CPU
		{863B45AE-F249-4DA4-8644-49B1016DD2E3}.Release|ARM.Build.0 = Release|Any CPU
		{863B45AE-F249-4DA4-8644-49B1016DD2E3}.Release|x64.ActiveCfg = Release|Any CPU
		{863B45AE-F249-4DA4-8644-49B1016DD2E3}.Release|x64.Build.0 = Release|Any CPU
		{863B45AE-F249-4DA4-8644-49B1016DD2E3}.Release|x86.ActiveCfg = Release|Any CPU
		{863B45AE-F249-4DA4-8644-49B1016DD2E3}.Release|x86.Build.0 = Release|Any CPU
		{893EAD4E-887B-4A45-8101-A13C74025B38}.Debug|Any CPU.ActiveCfg = Debug|Any CPU
		{893EAD4E-887B-4A45-8101-A13C74025B38}.Debug|Any CPU.Build.0 = Debug|Any CPU
		{893EAD4E-887B-4A45-8101-A13C74025B38}.Debug|ARM.ActiveCfg = Debug|Any CPU
		{893EAD4E-887B-4A45-8101-A13C74025B38}.Debug|ARM.Build.0 = Debug|Any CPU
		{893EAD4E-887B-4A45-8101-A13C74025B38}.Debug|x64.ActiveCfg = Debug|Any CPU
		{893EAD4E-887B-4A45-8101-A13C74025B38}.Debug|x64.Build.0 = Debug|Any CPU
		{893EAD4E-887B-4A45-8101-A13C74025B38}.Debug|x86.ActiveCfg = Debug|Any CPU
		{893EAD4E-887B-4A45-8101-A13C74025B38}.Debug|x86.Build.0 = Debug|Any CPU
		{893EAD4E-887B-4A45-8101-A13C74025B38}.Release|Any CPU.ActiveCfg = Release|Any CPU
		{893EAD4E-887B-4A45-8101-A13C74025B38}.Release|Any CPU.Build.0 = Release|Any CPU
		{893EAD4E-887B-4A45-8101-A13C74025B38}.Release|ARM.ActiveCfg = Release|Any CPU
		{893EAD4E-887B-4A45-8101-A13C74025B38}.Release|ARM.Build.0 = Release|Any CPU
		{893EAD4E-887B-4A45-8101-A13C74025B38}.Release|x64.ActiveCfg = Release|Any CPU
		{893EAD4E-887B-4A45-8101-A13C74025B38}.Release|x64.Build.0 = Release|Any CPU
		{893EAD4E-887B-4A45-8101-A13C74025B38}.Release|x86.ActiveCfg = Release|Any CPU
		{893EAD4E-887B-4A45-8101-A13C74025B38}.Release|x86.Build.0 = Release|Any CPU
		{B635CCDF-4A84-4D2F-8493-1EA3B35D3AB5}.Debug|Any CPU.ActiveCfg = Debug|Any CPU
		{B635CCDF-4A84-4D2F-8493-1EA3B35D3AB5}.Debug|Any CPU.Build.0 = Debug|Any CPU
		{B635CCDF-4A84-4D2F-8493-1EA3B35D3AB5}.Debug|ARM.ActiveCfg = Debug|Any CPU
		{B635CCDF-4A84-4D2F-8493-1EA3B35D3AB5}.Debug|ARM.Build.0 = Debug|Any CPU
		{B635CCDF-4A84-4D2F-8493-1EA3B35D3AB5}.Debug|x64.ActiveCfg = Debug|Any CPU
		{B635CCDF-4A84-4D2F-8493-1EA3B35D3AB5}.Debug|x64.Build.0 = Debug|Any CPU
		{B635CCDF-4A84-4D2F-8493-1EA3B35D3AB5}.Debug|x86.ActiveCfg = Debug|Any CPU
		{B635CCDF-4A84-4D2F-8493-1EA3B35D3AB5}.Debug|x86.Build.0 = Debug|Any CPU
		{B635CCDF-4A84-4D2F-8493-1EA3B35D3AB5}.Release|Any CPU.ActiveCfg = Release|Any CPU
		{B635CCDF-4A84-4D2F-8493-1EA3B35D3AB5}.Release|Any CPU.Build.0 = Release|Any CPU
		{B635CCDF-4A84-4D2F-8493-1EA3B35D3AB5}.Release|ARM.ActiveCfg = Release|Any CPU
		{B635CCDF-4A84-4D2F-8493-1EA3B35D3AB5}.Release|ARM.Build.0 = Release|Any CPU
		{B635CCDF-4A84-4D2F-8493-1EA3B35D3AB5}.Release|x64.ActiveCfg = Release|Any CPU
		{B635CCDF-4A84-4D2F-8493-1EA3B35D3AB5}.Release|x64.Build.0 = Release|Any CPU
		{B635CCDF-4A84-4D2F-8493-1EA3B35D3AB5}.Release|x86.ActiveCfg = Release|Any CPU
		{B635CCDF-4A84-4D2F-8493-1EA3B35D3AB5}.Release|x86.Build.0 = Release|Any CPU
		{444109C0-325B-440B-892E-502819B13691}.Debug|Any CPU.ActiveCfg = Debug|Any CPU
		{444109C0-325B-440B-892E-502819B13691}.Debug|Any CPU.Build.0 = Debug|Any CPU
		{444109C0-325B-440B-892E-502819B13691}.Debug|ARM.ActiveCfg = Debug|Any CPU
		{444109C0-325B-440B-892E-502819B13691}.Debug|ARM.Build.0 = Debug|Any CPU
		{444109C0-325B-440B-892E-502819B13691}.Debug|x64.ActiveCfg = Debug|Any CPU
		{444109C0-325B-440B-892E-502819B13691}.Debug|x64.Build.0 = Debug|Any CPU
		{444109C0-325B-440B-892E-502819B13691}.Debug|x86.ActiveCfg = Debug|Any CPU
		{444109C0-325B-440B-892E-502819B13691}.Debug|x86.Build.0 = Debug|Any CPU
		{444109C0-325B-440B-892E-502819B13691}.Release|Any CPU.ActiveCfg = Release|Any CPU
		{444109C0-325B-440B-892E-502819B13691}.Release|Any CPU.Build.0 = Release|Any CPU
		{444109C0-325B-440B-892E-502819B13691}.Release|ARM.ActiveCfg = Release|Any CPU
		{444109C0-325B-440B-892E-502819B13691}.Release|ARM.Build.0 = Release|Any CPU
		{444109C0-325B-440B-892E-502819B13691}.Release|x64.ActiveCfg = Release|Any CPU
		{444109C0-325B-440B-892E-502819B13691}.Release|x64.Build.0 = Release|Any CPU
		{444109C0-325B-440B-892E-502819B13691}.Release|x86.ActiveCfg = Release|Any CPU
		{444109C0-325B-440B-892E-502819B13691}.Release|x86.Build.0 = Release|Any CPU
	EndGlobalSection
	GlobalSection(SolutionProperties) = preSolution
		HideSolutionNode = FALSE
	EndGlobalSection
	GlobalSection(ExtensibilityGlobals) = postSolution
		SolutionGuid = {38635BB8-923B-45A3-B029-487435DF1549}
	EndGlobalSection
EndGlobal
